
Microsoft Visual Studio Solution File, Format Version 12.00
# Visual Studio Version 17
VisualStudioVersion = 17.0.31903.59
MinimumVisualStudioVersion = 10.0.40219.1
Project("{FAE04EC0-301F-11D3-BF4B-00C04F79EFBC}") = "Device.Host", "Device.Host\Device.Host.csproj", "{A15CEC70-E5B8-4355-9677-E9ACDF0AD87B}"
EndProject
Project("{FAE04EC0-301F-11D3-BF4B-00C04F79EFBC}") = "Device.Services", "Device.Services\Device.Services.csproj", "{4E0CDCCC-B4B7-4196-912D-A2122A0AAA33}"
EndProject
Project("{FAE04EC0-301F-11D3-BF4B-00C04F79EFBC}") = "Device.Services.Azure.Relay", "Device.Services.Azure.Relay\Device.Services.Azure.Relay.csproj", "{801E34F7-7B43-4366-BDA5-0185E601894A}"
EndProject
Project("{FAE04EC0-301F-11D3-BF4B-00C04F79EFBC}") = "Device.Sensors", "Device.Sensors\Device.Sensors.csproj", "{8D5B4986-0823-4EC2-87F6-AEE106109FA7}"
EndProject
Global
	GlobalSection(SolutionConfigurationPlatforms) = preSolution
		Debug|Any CPU = Debug|Any CPU
		Release|Any CPU = Release|Any CPU
	EndGlobalSection
	GlobalSection(ProjectConfigurationPlatforms) = postSolution
		{A15CEC70-E5B8-4355-9677-E9ACDF0AD87B}.Debug|Any CPU.ActiveCfg = Debug|Any CPU
		{A15CEC70-E5B8-4355-9677-E9ACDF0AD87B}.Debug|Any CPU.Build.0 = Debug|Any CPU
		{A15CEC70-E5B8-4355-9677-E9ACDF0AD87B}.Release|Any CPU.ActiveCfg = Release|Any CPU
		{A15CEC70-E5B8-4355-9677-E9ACDF0AD87B}.Release|Any CPU.Build.0 = Release|Any CPU
		{4E0CDCCC-B4B7-4196-912D-A2122A0AAA33}.Debug|Any CPU.ActiveCfg = Debug|Any CPU
		{4E0CDCCC-B4B7-4196-912D-A2122A0AAA33}.Debug|Any CPU.Build.0 = Debug|Any CPU
		{4E0CDCCC-B4B7-4196-912D-A2122A0AAA33}.Release|Any CPU.ActiveCfg = Release|Any CPU
		{4E0CDCCC-B4B7-4196-912D-A2122A0AAA33}.Release|Any CPU.Build.0 = Release|Any CPU
		{801E34F7-7B43-4366-BDA5-0185E601894A}.Debug|Any CPU.ActiveCfg = Debug|Any CPU
		{801E34F7-7B43-4366-BDA5-0185E601894A}.Debug|Any CPU.Build.0 = Debug|Any CPU
		{801E34F7-7B43-4366-BDA5-0185E601894A}.Release|Any CPU.ActiveCfg = Release|Any CPU
		{801E34F7-7B43-4366-BDA5-0185E601894A}.Release|Any CPU.Build.0 = Release|Any CPU
		{8D5B4986-0823-4EC2-87F6-AEE106109FA7}.Debug|Any CPU.ActiveCfg = Debug|Any CPU
		{8D5B4986-0823-4EC2-87F6-AEE106109FA7}.Debug|Any CPU.Build.0 = Debug|Any CPU
		{8D5B4986-0823-4EC2-87F6-AEE106109FA7}.Release|Any CPU.ActiveCfg = Release|Any CPU
		{8D5B4986-0823-4EC2-87F6-AEE106109FA7}.Release|Any CPU.Build.0 = Release|Any CPU
	EndGlobalSection
	GlobalSection(SolutionProperties) = preSolution
		HideSolutionNode = FALSE
	EndGlobalSection
EndGlobal
