
Microsoft Visual Studio Solution File, Format Version 12.00
# Visual Studio Version 17
VisualStudioVersion = 17.0.31903.59
MinimumVisualStudioVersion = 10.0.40219.1
Project("{FAE04EC0-301F-11D3-BF4B-00C04F79EFBC}") = "Device.Host", "Device.Host\Device.Host.csproj", "{A15CEC70-E5B8-4355-9677-E9ACDF0AD87B}"
EndProject
Project("{FAE04EC0-301F-11D3-BF4B-00C04F79EFBC}") = "Device.Services", "Device.Services\Device.Services.csproj", "{4E0CDCCC-B4B7-4196-912D-A2122A0AAA33}"
EndProject
Project("{FAE04EC0-301F-11D3-BF4B-00C04F79EFBC}") = "Device.Services.Azure.IoTHub", "Device.Services.Azure.IoTHub\Device.Services.Azure.IoTHub.csproj", "{751744B4-5676-4594-B1CA-795938ECBFBC}"
EndProject
Project("{FAE04EC0-301F-11D3-BF4B-00C04F79EFBC}") = "Device.Services.Azure.EventGrid", "Device.Services.Azure.EventGrid\Device.Services.Azure.EventGrid.csproj", "{FCF86E60-0273-4656-82D3-7D0BFA5D2891}"
EndProject
Project("{FAE04EC0-301F-11D3-BF4B-00C04F79EFBC}") = "Device.Services.Azure.Relay", "Device.Services.Azure.Relay\Device.Services.Azure.Relay.csproj", "{801E34F7-7B43-4366-BDA5-0185E601894A}"
EndProject
Global
	GlobalSection(SolutionConfigurationPlatforms) = preSolution
		Debug|Any CPU = Debug|Any CPU
		Release|Any CPU = Release|Any CPU
	EndGlobalSection
	GlobalSection(ProjectConfigurationPlatforms) = postSolution
		{A15CEC70-E5B8-4355-9677-E9ACDF0AD87B}.Debug|Any CPU.ActiveCfg = Debug|Any CPU
		{A15CEC70-E5B8-4355-9677-E9ACDF0AD87B}.Debug|Any CPU.Build.0 = Debug|Any CPU
		{A15CEC70-E5B8-4355-9677-E9ACDF0AD87B}.Release|Any CPU.ActiveCfg = Release|Any CPU
		{A15CEC70-E5B8-4355-9677-E9ACDF0AD87B}.Release|Any CPU.Build.0 = Release|Any CPU
		{4E0CDCCC-B4B7-4196-912D-A2122A0AAA33}.Debug|Any CPU.ActiveCfg = Debug|Any CPU
		{4E0CDCCC-B4B7-4196-912D-A2122A0AAA33}.Debug|Any CPU.Build.0 = Debug|Any CPU
		{4E0CDCCC-B4B7-4196-912D-A2122A0AAA33}.Release|Any CPU.ActiveCfg = Release|Any CPU
		{4E0CDCCC-B4B7-4196-912D-A2122A0AAA33}.Release|Any CPU.Build.0 = Release|Any CPU
		{751744B4-5676-4594-B1CA-795938ECBFBC}.Debug|Any CPU.ActiveCfg = Debug|Any CPU
		{751744B4-5676-4594-B1CA-795938ECBFBC}.Debug|Any CPU.Build.0 = Debug|Any CPU
		{751744B4-5676-4594-B1CA-795938ECBFBC}.Release|Any CPU.ActiveCfg = Release|Any CPU
		{751744B4-5676-4594-B1CA-795938ECBFBC}.Release|Any CPU.Build.0 = Release|Any CPU
		{FCF86E60-0273-4656-82D3-7D0BFA5D2891}.Debug|Any CPU.ActiveCfg = Debug|Any CPU
		{FCF86E60-0273-4656-82D3-7D0BFA5D2891}.Debug|Any CPU.Build.0 = Debug|Any CPU
		{FCF86E60-0273-4656-82D3-7D0BFA5D2891}.Release|Any CPU.ActiveCfg = Release|Any CPU
		{FCF86E60-0273-4656-82D3-7D0BFA5D2891}.Release|Any CPU.Build.0 = Release|Any CPU
		{801E34F7-7B43-4366-BDA5-0185E601894A}.Debug|Any CPU.ActiveCfg = Debug|Any CPU
		{801E34F7-7B43-4366-BDA5-0185E601894A}.Debug|Any CPU.Build.0 = Debug|Any CPU
		{801E34F7-7B43-4366-BDA5-0185E601894A}.Release|Any CPU.ActiveCfg = Release|Any CPU
		{801E34F7-7B43-4366-BDA5-0185E601894A}.Release|Any CPU.Build.0 = Release|Any CPU
	EndGlobalSection
	GlobalSection(SolutionProperties) = preSolution
		HideSolutionNode = FALSE
	EndGlobalSection
EndGlobal
